<Solution>
  <Folder Name="/Intro/">
    <File Path="README.md" />
  </Folder>
  <Folder Name="/M003_DesignPatterns/">
    <File Path="README.md" />
    <Project Path="HelloPizza/HelloPizza.csproj" />
    <Project Path="LabDesignPatterns/LabDesignPatterns.csproj" />
  </Folder>
  <Folder Name="/M004_Solid/">
    <Project Path="HelloSolid/HelloSolid.csproj" Id="81e10277-9c7b-4adc-8c36-1eb5d6870034" />
  </Folder>
  <Folder Name="/M005_EventSourcing/">
    <Project Path="Academy/Academy.csproj" Id="16fb8592-8728-46f3-b93c-e0810be13734" />
    <Project Path="LabEventSourcing/LabEventSourcing.csproj" />
  </Folder>
  <Folder Name="/M006_CQRS/">
    <Project Path="LabBankAccount.WebApi/LabBankAccount.WebApi.csproj" />
    <Project Path="Order.WebApi/Order.WebApi.csproj" Id="1c8f4af9-fbd2-4982-92d3-528711ee63d6" />
  </Folder>
</Solution>
